
Microsoft Visual Studio Solution File, Format Version 12.00
# Visual Studio Version 17
VisualStudioVersion = 17.3.32804.467
MinimumVisualStudioVersion = 10.0.40219.1
Project("{FAE04EC0-301F-11D3-BF4B-00C04F79EFBC}") = "WebApplicationAccessment", "WebApplicationAccessment\WebApplicationAccessment.csproj", "{AEC5B52D-5EF7-45F2-B174-679A2FE7BA3C}"
EndProject
Global
	GlobalSection(SolutionConfigurationPlatforms) = preSolution
		Debug|Any CPU = Debug|Any CPU
		Release|Any CPU = Release|Any CPU
	EndGlobalSection
	GlobalSection(ProjectConfigurationPlatforms) = postSolution
		{AEC5B52D-5EF7-45F2-B174-679A2FE7BA3C}.Debug|Any CPU.ActiveCfg = Debug|Any CPU
		{AEC5B52D-5EF7-45F2-B174-679A2FE7BA3C}.Debug|Any CPU.Build.0 = Debug|Any CPU
		{AEC5B52D-5EF7-45F2-B174-679A2FE7BA3C}.Release|Any CPU.ActiveCfg = Release|Any CPU
		{AEC5B52D-5EF7-45F2-B174-679A2FE7BA3C}.Release|Any CPU.Build.0 = Release|Any CPU
	EndGlobalSection
	GlobalSection(SolutionProperties) = preSolution
		HideSolutionNode = FALSE
	EndGlobalSection
	GlobalSection(ExtensibilityGlobals) = postSolution
		SolutionGuid = {6BC5508D-3662-431A-9857-D41DC5156D51}
	EndGlobalSection
EndGlobal
