
Microsoft Visual Studio Solution File, Format Version 12.00
# Visual Studio Version 17
VisualStudioVersion = 17.3.32804.467
MinimumVisualStudioVersion = 10.0.40219.1
Project("{FAE04EC0-301F-11D3-BF4B-00C04F79EFBC}") = "Algorithm_answer", "Algorithm_answer\Algorithm_answer.csproj", "{B37E1FD4-5DCC-4B18-A114-611644EF591C}"
EndProject
Global
	GlobalSection(SolutionConfigurationPlatforms) = preSolution
		Debug|Any CPU = Debug|Any CPU
		Release|Any CPU = Release|Any CPU
	EndGlobalSection
	GlobalSection(ProjectConfigurationPlatforms) = postSolution
		{B37E1FD4-5DCC-4B18-A114-611644EF591C}.Debug|Any CPU.ActiveCfg = Debug|Any CPU
		{B37E1FD4-5DCC-4B18-A114-611644EF591C}.Debug|Any CPU.Build.0 = Debug|Any CPU
		{B37E1FD4-5DCC-4B18-A114-611644EF591C}.Release|Any CPU.ActiveCfg = Release|Any CPU
		{B37E1FD4-5DCC-4B18-A114-611644EF591C}.Release|Any CPU.Build.0 = Release|Any CPU
	EndGlobalSection
	GlobalSection(SolutionProperties) = preSolution
		HideSolutionNode = FALSE
	EndGlobalSection
	GlobalSection(ExtensibilityGlobals) = postSolution
		SolutionGuid = {9E388890-1A6E-44F1-9813-1EB24B1640A8}
	EndGlobalSection
EndGlobal
